
Microsoft Visual Studio Solution File, Format Version 12.00
# Visual Studio Version 17
VisualStudioVersion = 17.7.34202.233
MinimumVisualStudioVersion = 10.0.40219.1
Project("{00D1A9C2-B5F0-4AF3-8072-F6C62B433612}") = "Alunos", "Alunos\Alunos.sqlproj", "{B8727049-9A7B-49C8-8BD9-670888F92B0D}"
EndProject
Project("{C9674DCB-5085-4A16-B785-4C70DD1589BD}") = "Escola", "Escola\Escola.dtproj", "{1D0C8DF5-5D11-4C78-A975-922089C7737E}"
EndProject
Global
	GlobalSection(SolutionConfigurationPlatforms) = preSolution
		Debug|Any CPU = Debug|Any CPU
		Development|Any CPU = Development|Any CPU
		Release|Any CPU = Release|Any CPU
	EndGlobalSection
	GlobalSection(ProjectConfigurationPlatforms) = postSolution
		{B8727049-9A7B-49C8-8BD9-670888F92B0D}.Debug|Any CPU.ActiveCfg = Debug|Any CPU
		{B8727049-9A7B-49C8-8BD9-670888F92B0D}.Debug|Any CPU.Build.0 = Debug|Any CPU
		{B8727049-9A7B-49C8-8BD9-670888F92B0D}.Debug|Any CPU.Deploy.0 = Debug|Any CPU
		{B8727049-9A7B-49C8-8BD9-670888F92B0D}.Development|Any CPU.ActiveCfg = Debug|Any CPU
		{B8727049-9A7B-49C8-8BD9-670888F92B0D}.Development|Any CPU.Build.0 = Debug|Any CPU
		{B8727049-9A7B-49C8-8BD9-670888F92B0D}.Development|Any CPU.Deploy.0 = Debug|Any CPU
		{B8727049-9A7B-49C8-8BD9-670888F92B0D}.Release|Any CPU.ActiveCfg = Release|Any CPU
		{B8727049-9A7B-49C8-8BD9-670888F92B0D}.Release|Any CPU.Build.0 = Release|Any CPU
		{B8727049-9A7B-49C8-8BD9-670888F92B0D}.Release|Any CPU.Deploy.0 = Release|Any CPU
		{1D0C8DF5-5D11-4C78-A975-922089C7737E}.Debug|Any CPU.ActiveCfg = Development
		{1D0C8DF5-5D11-4C78-A975-922089C7737E}.Debug|Any CPU.Build.0 = Development
		{1D0C8DF5-5D11-4C78-A975-922089C7737E}.Development|Any CPU.ActiveCfg = Development
		{1D0C8DF5-5D11-4C78-A975-922089C7737E}.Development|Any CPU.Build.0 = Development
		{1D0C8DF5-5D11-4C78-A975-922089C7737E}.Release|Any CPU.ActiveCfg = Development
		{1D0C8DF5-5D11-4C78-A975-922089C7737E}.Release|Any CPU.Build.0 = Development
	EndGlobalSection
	GlobalSection(SolutionProperties) = preSolution
		HideSolutionNode = FALSE
	EndGlobalSection
	GlobalSection(ExtensibilityGlobals) = postSolution
		SolutionGuid = {FF3E21C6-DA95-4079-948B-137516EE96E8}
	EndGlobalSection
EndGlobal
